// !$*UTF8*$!
{
	archiveVersion = 1;
	classes = {
	};
	objectVersion = 55;
	objects = {

/* Begin PBXBuildFile section */
		940C1C47279821BD00F7F149 /* MetaWear in Frameworks */ = {isa = PBXBuildFile; productRef = 940C1C46279821BD00F7F149 /* MetaWear */; };
		940C1C49279821BD00F7F149 /* MetaWearCpp in Frameworks */ = {isa = PBXBuildFile; productRef = 940C1C48279821BD00F7F149 /* MetaWearCpp */; };
		940C1C4B279821BD00F7F149 /* MetaWearSync in Frameworks */ = {isa = PBXBuildFile; productRef = 940C1C4A279821BD00F7F149 /* MetaWearSync */; };
		943D0E16279649A40087F869 /* MacApp.swift in Sources */ = {isa = PBXBuildFile; fileRef = 943D0E15279649A40087F869 /* MacApp.swift */; };
		943D0E18279649A40087F869 /* DeviceListSidebar.swift in Sources */ = {isa = PBXBuildFile; fileRef = 943D0E17279649A40087F869 /* DeviceListSidebar.swift */; };
		943D0E1A279649A50087F869 /* Assets.xcassets in Resources */ = {isa = PBXBuildFile; fileRef = 943D0E19279649A50087F869 /* Assets.xcassets */; };
		943D0E1D279649A50087F869 /* Preview Assets.xcassets in Resources */ = {isa = PBXBuildFile; fileRef = 943D0E1C279649A50087F869 /* Preview Assets.xcassets */; };
		943D0E29279649C00087F869 /* DeviceList.swift in Sources */ = {isa = PBXBuildFile; fileRef = 943D0E24279649C00087F869 /* DeviceList.swift */; };
		943D0E2A279649C00087F869 /* FolderFileDocument.swift in Sources */ = {isa = PBXBuildFile; fileRef = 943D0E25279649C00087F869 /* FolderFileDocument.swift */; };
		943D0E2B279649C00087F869 /* SensorLogging.swift in Sources */ = {isa = PBXBuildFile; fileRef = 943D0E26279649C00087F869 /* SensorLogging.swift */; };
		943D0E2C279649C00087F869 /* KnownDevice.swift in Sources */ = {isa = PBXBuildFile; fileRef = 943D0E27279649C00087F869 /* KnownDevice.swift */; };
		943D0E2D279649C00087F869 /* UnknownDevice.swift in Sources */ = {isa = PBXBuildFile; fileRef = 943D0E28279649C00087F869 /* UnknownDevice.swift */; };
		943D0E3B2796564A0087F869 /* SensorLoggingView.swift in Sources */ = {isa = PBXBuildFile; fileRef = 943D0E3A2796564A0087F869 /* SensorLoggingView.swift */; };
		943D0E3E279657500087F869 /* CloudKit.framework in Frameworks */ = {isa = PBXBuildFile; fileRef = 943D0E3D279657500087F869 /* CloudKit.framework */; };
		943D0E4027966B350087F869 /* BluetoothStateToolbar.swift in Sources */ = {isa = PBXBuildFile; fileRef = 943D0E3F27966B350087F869 /* BluetoothStateToolbar.swift */; };
		943D0E4227966B4C0087F869 /* BluetoothState.swift in Sources */ = {isa = PBXBuildFile; fileRef = 943D0E4127966B4C0087F869 /* BluetoothState.swift */; };
		943D0E44279673E80087F869 /* CircularBusyIndicator.swift in Sources */ = {isa = PBXBuildFile; fileRef = 943D0E43279673E80087F869 /* CircularBusyIndicator.swift */; };
		94E8453D279745A800E35846 /* MetaWear in Frameworks */ = {isa = PBXBuildFile; productRef = 94E8453C279745A800E35846 /* MetaWear */; };
		94E8453F279745A800E35846 /* MetaWearCpp in Frameworks */ = {isa = PBXBuildFile; productRef = 94E8453E279745A800E35846 /* MetaWearCpp */; };
		94E84541279745A800E35846 /* MetaWearSync in Frameworks */ = {isa = PBXBuildFile; productRef = 94E84540279745A800E35846 /* MetaWearSync */; };
		94EEC16F27968266009107AF /* iOSApp.swift in Sources */ = {isa = PBXBuildFile; fileRef = 94EEC16E27968266009107AF /* iOSApp.swift */; };
		94EEC17327968267009107AF /* Assets.xcassets in Resources */ = {isa = PBXBuildFile; fileRef = 94EEC17227968267009107AF /* Assets.xcassets */; };
		94EEC17627968267009107AF /* Preview Assets.xcassets in Resources */ = {isa = PBXBuildFile; fileRef = 94EEC17527968267009107AF /* Preview Assets.xcassets */; };
		94EEC17B2796829E009107AF /* DeviceList.swift in Sources */ = {isa = PBXBuildFile; fileRef = 943D0E24279649C00087F869 /* DeviceList.swift */; };
		94EEC17C2796829E009107AF /* KnownDevice.swift in Sources */ = {isa = PBXBuildFile; fileRef = 943D0E27279649C00087F869 /* KnownDevice.swift */; };
		94EEC17D2796829E009107AF /* SensorLogging.swift in Sources */ = {isa = PBXBuildFile; fileRef = 943D0E26279649C00087F869 /* SensorLogging.swift */; };
		94EEC17E2796829E009107AF /* BluetoothState.swift in Sources */ = {isa = PBXBuildFile; fileRef = 943D0E4127966B4C0087F869 /* BluetoothState.swift */; };
		94EEC17F2796829E009107AF /* UnknownDevice.swift in Sources */ = {isa = PBXBuildFile; fileRef = 943D0E28279649C00087F869 /* UnknownDevice.swift */; };
		94EEC180279682A9009107AF /* SensorLoggingView.swift in Sources */ = {isa = PBXBuildFile; fileRef = 943D0E3A2796564A0087F869 /* SensorLoggingView.swift */; };
		94EEC181279682A9009107AF /* DeviceListSidebar.swift in Sources */ = {isa = PBXBuildFile; fileRef = 943D0E17279649A40087F869 /* DeviceListSidebar.swift */; };
		94EEC182279682A9009107AF /* FolderFileDocument.swift in Sources */ = {isa = PBXBuildFile; fileRef = 943D0E25279649C00087F869 /* FolderFileDocument.swift */; };
		94EEC183279682A9009107AF /* BluetoothStateToolbar.swift in Sources */ = {isa = PBXBuildFile; fileRef = 943D0E3F27966B350087F869 /* BluetoothStateToolbar.swift */; };
		94EEC184279682A9009107AF /* CircularBusyIndicator.swift in Sources */ = {isa = PBXBuildFile; fileRef = 943D0E43279673E80087F869 /* CircularBusyIndicator.swift */; };
		94EEC18627968329009107AF /* Root.swift in Sources */ = {isa = PBXBuildFile; fileRef = 94EEC18527968329009107AF /* Root.swift */; };
		94EEC1872796832C009107AF /* Root.swift in Sources */ = {isa = PBXBuildFile; fileRef = 94EEC18527968329009107AF /* Root.swift */; };
		94EEC18B279683F3009107AF /* CloudKit.framework in Frameworks */ = {isa = PBXBuildFile; fileRef = 94EEC18A279683F3009107AF /* CloudKit.framework */; };
/* End PBXBuildFile section */

/* Begin PBXFileReference section */
		943D0E12279649A40087F869 /* Streamy.app */ = {isa = PBXFileReference; explicitFileType = wrapper.application; includeInIndex = 0; path = Streamy.app; sourceTree = BUILT_PRODUCTS_DIR; };
		943D0E15279649A40087F869 /* MacApp.swift */ = {isa = PBXFileReference; lastKnownFileType = sourcecode.swift; path = MacApp.swift; sourceTree = "<group>"; };
		943D0E17279649A40087F869 /* DeviceListSidebar.swift */ = {isa = PBXFileReference; lastKnownFileType = sourcecode.swift; path = DeviceListSidebar.swift; sourceTree = "<group>"; };
		943D0E19279649A50087F869 /* Assets.xcassets */ = {isa = PBXFileReference; lastKnownFileType = folder.assetcatalog; path = Assets.xcassets; sourceTree = "<group>"; };
		943D0E1C279649A50087F869 /* Preview Assets.xcassets */ = {isa = PBXFileReference; lastKnownFileType = folder.assetcatalog; path = "Preview Assets.xcassets"; sourceTree = "<group>"; };
		943D0E1E279649A50087F869 /* Streamy.entitlements */ = {isa = PBXFileReference; lastKnownFileType = text.plist.entitlements; path = Streamy.entitlements; sourceTree = "<group>"; };
		943D0E24279649C00087F869 /* DeviceList.swift */ = {isa = PBXFileReference; fileEncoding = 4; lastKnownFileType = sourcecode.swift; path = DeviceList.swift; sourceTree = "<group>"; };
		943D0E25279649C00087F869 /* FolderFileDocument.swift */ = {isa = PBXFileReference; fileEncoding = 4; lastKnownFileType = sourcecode.swift; path = FolderFileDocument.swift; sourceTree = "<group>"; };
		943D0E26279649C00087F869 /* SensorLogging.swift */ = {isa = PBXFileReference; fileEncoding = 4; lastKnownFileType = sourcecode.swift; path = SensorLogging.swift; sourceTree = "<group>"; };
		943D0E27279649C00087F869 /* KnownDevice.swift */ = {isa = PBXFileReference; fileEncoding = 4; lastKnownFileType = sourcecode.swift; path = KnownDevice.swift; sourceTree = "<group>"; };
		943D0E28279649C00087F869 /* UnknownDevice.swift */ = {isa = PBXFileReference; fileEncoding = 4; lastKnownFileType = sourcecode.swift; path = UnknownDevice.swift; sourceTree = "<group>"; };
		943D0E3A2796564A0087F869 /* SensorLoggingView.swift */ = {isa = PBXFileReference; lastKnownFileType = sourcecode.swift; path = SensorLoggingView.swift; sourceTree = "<group>"; };
		943D0E3D279657500087F869 /* CloudKit.framework */ = {isa = PBXFileReference; lastKnownFileType = wrapper.framework; name = CloudKit.framework; path = System/Library/Frameworks/CloudKit.framework; sourceTree = SDKROOT; };
		943D0E3F27966B350087F869 /* BluetoothStateToolbar.swift */ = {isa = PBXFileReference; lastKnownFileType = sourcecode.swift; path = BluetoothStateToolbar.swift; sourceTree = "<group>"; };
		943D0E4127966B4C0087F869 /* BluetoothState.swift */ = {isa = PBXFileReference; lastKnownFileType = sourcecode.swift; path = BluetoothState.swift; sourceTree = "<group>"; };
		943D0E43279673E80087F869 /* CircularBusyIndicator.swift */ = {isa = PBXFileReference; lastKnownFileType = sourcecode.swift; path = CircularBusyIndicator.swift; sourceTree = "<group>"; };
		94DE33DF27991C000093E8F1 /* README.md */ = {isa = PBXFileReference; lastKnownFileType = net.daringfireball.markdown; path = README.md; sourceTree = "<group>"; };
		94EEC16C27968266009107AF /* Streamy iOS.app */ = {isa = PBXFileReference; explicitFileType = wrapper.application; includeInIndex = 0; path = "Streamy iOS.app"; sourceTree = BUILT_PRODUCTS_DIR; };
		94EEC16E27968266009107AF /* iOSApp.swift */ = {isa = PBXFileReference; lastKnownFileType = sourcecode.swift; path = iOSApp.swift; sourceTree = "<group>"; };
		94EEC17227968267009107AF /* Assets.xcassets */ = {isa = PBXFileReference; lastKnownFileType = folder.assetcatalog; path = Assets.xcassets; sourceTree = "<group>"; };
		94EEC17527968267009107AF /* Preview Assets.xcassets */ = {isa = PBXFileReference; lastKnownFileType = folder.assetcatalog; path = "Preview Assets.xcassets"; sourceTree = "<group>"; };
		94EEC18527968329009107AF /* Root.swift */ = {isa = PBXFileReference; lastKnownFileType = sourcecode.swift; path = Root.swift; sourceTree = "<group>"; };
		94EEC188279683B4009107AF /* Streamy iOS.entitlements */ = {isa = PBXFileReference; lastKnownFileType = text.plist.entitlements; path = "Streamy iOS.entitlements"; sourceTree = "<group>"; };
		94EEC18A279683F3009107AF /* CloudKit.framework */ = {isa = PBXFileReference; lastKnownFileType = wrapper.framework; name = CloudKit.framework; path = Platforms/iPhoneOS.platform/Developer/SDKs/iPhoneOS15.0.sdk/System/Library/Frameworks/CloudKit.framework; sourceTree = DEVELOPER_DIR; };
		94EEC18C2796840F009107AF /* Streamy-iOS-Info.plist */ = {isa = PBXFileReference; lastKnownFileType = text.plist; path = "Streamy-iOS-Info.plist"; sourceTree = SOURCE_ROOT; };
		94EEC18D27968477009107AF /* Streamy iOSRelease.entitlements */ = {isa = PBXFileReference; fileEncoding = 4; lastKnownFileType = text.plist.entitlements; path = "Streamy iOSRelease.entitlements"; sourceTree = "<group>"; };
/* End PBXFileReference section */

/* Begin PBXFrameworksBuildPhase section */
		943D0E0F279649A40087F869 /* Frameworks */ = {
			isa = PBXFrameworksBuildPhase;
			buildActionMask = 2147483647;
			files = (
				94E8453D279745A800E35846 /* MetaWear in Frameworks */,
				943D0E3E279657500087F869 /* CloudKit.framework in Frameworks */,
				94E8453F279745A800E35846 /* MetaWearCpp in Frameworks */,
				94E84541279745A800E35846 /* MetaWearSync in Frameworks */,
			);
			runOnlyForDeploymentPostprocessing = 0;
		};
		94EEC16927968266009107AF /* Frameworks */ = {
			isa = PBXFrameworksBuildPhase;
			buildActionMask = 2147483647;
			files = (
				940C1C47279821BD00F7F149 /* MetaWear in Frameworks */,
				94EEC18B279683F3009107AF /* CloudKit.framework in Frameworks */,
				940C1C49279821BD00F7F149 /* MetaWearCpp in Frameworks */,
				940C1C4B279821BD00F7F149 /* MetaWearSync in Frameworks */,
			);
			runOnlyForDeploymentPostprocessing = 0;
		};
/* End PBXFrameworksBuildPhase section */

/* Begin PBXGroup section */
		943D0E09279649A40087F869 = {
			isa = PBXGroup;
			children = (
				94DE33DF27991C000093E8F1 /* README.md */,
				94EEC17A27968279009107AF /* Shared */,
				943D0E14279649A40087F869 /* Streamy */,
				94EEC16D27968266009107AF /* Streamy iOS */,
				943D0E13279649A40087F869 /* Products */,
				943D0E3C279657500087F869 /* Frameworks */,
			);
			sourceTree = "<group>";
		};
		943D0E13279649A40087F869 /* Products */ = {
			isa = PBXGroup;
			children = (
				943D0E12279649A40087F869 /* Streamy.app */,
				94EEC16C27968266009107AF /* Streamy iOS.app */,
			);
			name = Products;
			sourceTree = "<group>";
		};
		943D0E14279649A40087F869 /* Streamy */ = {
			isa = PBXGroup;
			children = (
				943D0E15279649A40087F869 /* MacApp.swift */,
				943D0E19279649A50087F869 /* Assets.xcassets */,
				943D0E1E279649A50087F869 /* Streamy.entitlements */,
				943D0E1B279649A50087F869 /* Preview Content */,
			);
			path = Streamy;
			sourceTree = "<group>";
		};
		943D0E1B279649A50087F869 /* Preview Content */ = {
			isa = PBXGroup;
			children = (
				943D0E1C279649A50087F869 /* Preview Assets.xcassets */,
			);
			path = "Preview Content";
			sourceTree = "<group>";
		};
		943D0E2E279649C30087F869 /* Controllers */ = {
			isa = PBXGroup;
			children = (
				943D0E24279649C00087F869 /* DeviceList.swift */,
				943D0E27279649C00087F869 /* KnownDevice.swift */,
				943D0E28279649C00087F869 /* UnknownDevice.swift */,
				943D0E26279649C00087F869 /* SensorLogging.swift */,
				943D0E4127966B4C0087F869 /* BluetoothState.swift */,
			);
			path = Controllers;
			sourceTree = "<group>";
		};
		943D0E30279649E90087F869 /* UI */ = {
			isa = PBXGroup;
			children = (
				948C92D32796C78600F84F5D /* Components */,
				948C92D22796C77D00F84F5D /* Screens */,
			);
			path = UI;
			sourceTree = "<group>";
		};
		943D0E3C279657500087F869 /* Frameworks */ = {
			isa = PBXGroup;
			children = (
				94EEC18A279683F3009107AF /* CloudKit.framework */,
				943D0E3D279657500087F869 /* CloudKit.framework */,
			);
			name = Frameworks;
			sourceTree = "<group>";
		};
		948C92D22796C77D00F84F5D /* Screens */ = {
			isa = PBXGroup;
			children = (
				943D0E17279649A40087F869 /* DeviceListSidebar.swift */,
				943D0E3A2796564A0087F869 /* SensorLoggingView.swift */,
			);
			path = Screens;
			sourceTree = "<group>";
		};
		948C92D32796C78600F84F5D /* Components */ = {
			isa = PBXGroup;
			children = (
				943D0E3F27966B350087F869 /* BluetoothStateToolbar.swift */,
				943D0E43279673E80087F869 /* CircularBusyIndicator.swift */,
				943D0E25279649C00087F869 /* FolderFileDocument.swift */,
			);
			path = Components;
			sourceTree = "<group>";
		};
		94EEC16D27968266009107AF /* Streamy iOS */ = {
			isa = PBXGroup;
			children = (
				94EEC16E27968266009107AF /* iOSApp.swift */,
				94EEC17227968267009107AF /* Assets.xcassets */,
				94EEC18C2796840F009107AF /* Streamy-iOS-Info.plist */,
				94EEC18D27968477009107AF /* Streamy iOSRelease.entitlements */,
				94EEC188279683B4009107AF /* Streamy iOS.entitlements */,
				94EEC17427968267009107AF /* Preview Content */,
			);
			path = "Streamy iOS";
			sourceTree = "<group>";
		};
		94EEC17427968267009107AF /* Preview Content */ = {
			isa = PBXGroup;
			children = (
				94EEC17527968267009107AF /* Preview Assets.xcassets */,
			);
			path = "Preview Content";
			sourceTree = "<group>";
		};
		94EEC17A27968279009107AF /* Shared */ = {
			isa = PBXGroup;
			children = (
				94EEC18527968329009107AF /* Root.swift */,
				943D0E2E279649C30087F869 /* Controllers */,
				943D0E30279649E90087F869 /* UI */,
			);
			path = Shared;
			sourceTree = "<group>";
		};
/* End PBXGroup section */

/* Begin PBXNativeTarget section */
		943D0E11279649A40087F869 /* Streamy */ = {
			isa = PBXNativeTarget;
			buildConfigurationList = 943D0E21279649A50087F869 /* Build configuration list for PBXNativeTarget "Streamy" */;
			buildPhases = (
				943D0E0E279649A40087F869 /* Sources */,
				943D0E0F279649A40087F869 /* Frameworks */,
				943D0E10279649A40087F869 /* Resources */,
			);
			buildRules = (
			);
			dependencies = (
			);
			name = Streamy;
			packageProductDependencies = (
				94E8453C279745A800E35846 /* MetaWear */,
				94E8453E279745A800E35846 /* MetaWearCpp */,
				94E84540279745A800E35846 /* MetaWearSync */,
			);
			productName = Streamy;
			productReference = 943D0E12279649A40087F869 /* Streamy.app */;
			productType = "com.apple.product-type.application";
		};
		94EEC16B27968266009107AF /* Streamy iOS */ = {
			isa = PBXNativeTarget;
			buildConfigurationList = 94EEC17927968267009107AF /* Build configuration list for PBXNativeTarget "Streamy iOS" */;
			buildPhases = (
				94EEC16827968266009107AF /* Sources */,
				94EEC16927968266009107AF /* Frameworks */,
				94EEC16A27968266009107AF /* Resources */,
			);
			buildRules = (
			);
			dependencies = (
			);
			name = "Streamy iOS";
			packageProductDependencies = (
				940C1C46279821BD00F7F149 /* MetaWear */,
				940C1C48279821BD00F7F149 /* MetaWearCpp */,
				940C1C4A279821BD00F7F149 /* MetaWearSync */,
			);
			productName = "Streamy iOS";
			productReference = 94EEC16C27968266009107AF /* Streamy iOS.app */;
			productType = "com.apple.product-type.application";
		};
/* End PBXNativeTarget section */

/* Begin PBXProject section */
		943D0E0A279649A40087F869 /* Project object */ = {
			isa = PBXProject;
			attributes = {
				BuildIndependentTargetsInParallel = 1;
				LastSwiftUpdateCheck = 1310;
				LastUpgradeCheck = 1320;
				TargetAttributes = {
					943D0E11279649A40087F869 = {
						CreatedOnToolsVersion = 13.1;
					};
					94EEC16B27968266009107AF = {
						CreatedOnToolsVersion = 13.1;
					};
				};
			};
			buildConfigurationList = 943D0E0D279649A40087F869 /* Build configuration list for PBXProject "Streamy" */;
			compatibilityVersion = "Xcode 13.0";
			developmentRegion = en;
			hasScannedForEncodings = 0;
			knownRegions = (
				en,
				Base,
			);
			mainGroup = 943D0E09279649A40087F869;
			packageReferences = (
				94E8453B279745A800E35846 /* XCRemoteSwiftPackageReference "MetaWear-SDK-Swift-Combine" */,
			);
			productRefGroup = 943D0E13279649A40087F869 /* Products */;
			projectDirPath = "";
			projectRoot = "";
			targets = (
				943D0E11279649A40087F869 /* Streamy */,
				94EEC16B27968266009107AF /* Streamy iOS */,
			);
		};
/* End PBXProject section */

/* Begin PBXResourcesBuildPhase section */
		943D0E10279649A40087F869 /* Resources */ = {
			isa = PBXResourcesBuildPhase;
			buildActionMask = 2147483647;
			files = (
				943D0E1D279649A50087F869 /* Preview Assets.xcassets in Resources */,
				943D0E1A279649A50087F869 /* Assets.xcassets in Resources */,
			);
			runOnlyForDeploymentPostprocessing = 0;
		};
		94EEC16A27968266009107AF /* Resources */ = {
			isa = PBXResourcesBuildPhase;
			buildActionMask = 2147483647;
			files = (
				94EEC17627968267009107AF /* Preview Assets.xcassets in Resources */,
				94EEC17327968267009107AF /* Assets.xcassets in Resources */,
			);
			runOnlyForDeploymentPostprocessing = 0;
		};
/* End PBXResourcesBuildPhase section */

/* Begin PBXSourcesBuildPhase section */
		943D0E0E279649A40087F869 /* Sources */ = {
			isa = PBXSourcesBuildPhase;
			buildActionMask = 2147483647;
			files = (
				943D0E4227966B4C0087F869 /* BluetoothState.swift in Sources */,
				943D0E18279649A40087F869 /* DeviceListSidebar.swift in Sources */,
				943D0E29279649C00087F869 /* DeviceList.swift in Sources */,
				943D0E2A279649C00087F869 /* FolderFileDocument.swift in Sources */,
				943D0E2C279649C00087F869 /* KnownDevice.swift in Sources */,
				94EEC18627968329009107AF /* Root.swift in Sources */,
				943D0E2B279649C00087F869 /* SensorLogging.swift in Sources */,
				943D0E2D279649C00087F869 /* UnknownDevice.swift in Sources */,
				943D0E4027966B350087F869 /* BluetoothStateToolbar.swift in Sources */,
				943D0E44279673E80087F869 /* CircularBusyIndicator.swift in Sources */,
				943D0E3B2796564A0087F869 /* SensorLoggingView.swift in Sources */,
				943D0E16279649A40087F869 /* MacApp.swift in Sources */,
			);
			runOnlyForDeploymentPostprocessing = 0;
		};
		94EEC16827968266009107AF /* Sources */ = {
			isa = PBXSourcesBuildPhase;
			buildActionMask = 2147483647;
			files = (
				94EEC17C2796829E009107AF /* KnownDevice.swift in Sources */,
				94EEC17B2796829E009107AF /* DeviceList.swift in Sources */,
				94EEC184279682A9009107AF /* CircularBusyIndicator.swift in Sources */,
				94EEC17D2796829E009107AF /* SensorLogging.swift in Sources */,
				94EEC17E2796829E009107AF /* BluetoothState.swift in Sources */,
				94EEC17F2796829E009107AF /* UnknownDevice.swift in Sources */,
				94EEC183279682A9009107AF /* BluetoothStateToolbar.swift in Sources */,
				94EEC1872796832C009107AF /* Root.swift in Sources */,
				94EEC182279682A9009107AF /* FolderFileDocument.swift in Sources */,
				94EEC181279682A9009107AF /* DeviceListSidebar.swift in Sources */,
				94EEC180279682A9009107AF /* SensorLoggingView.swift in Sources */,
				94EEC16F27968266009107AF /* iOSApp.swift in Sources */,
			);
			runOnlyForDeploymentPostprocessing = 0;
		};
/* End PBXSourcesBuildPhase section */

/* Begin XCBuildConfiguration section */
		943D0E1F279649A50087F869 /* Debug */ = {
			isa = XCBuildConfiguration;
			buildSettings = {
				ALWAYS_SEARCH_USER_PATHS = NO;
				CLANG_ANALYZER_NONNULL = YES;
				CLANG_ANALYZER_NUMBER_OBJECT_CONVERSION = YES_AGGRESSIVE;
				CLANG_CXX_LANGUAGE_STANDARD = "gnu++17";
				CLANG_CXX_LIBRARY = "libc++";
				CLANG_ENABLE_MODULES = YES;
				CLANG_ENABLE_OBJC_ARC = YES;
				CLANG_ENABLE_OBJC_WEAK = YES;
				CLANG_WARN_BLOCK_CAPTURE_AUTORELEASING = YES;
				CLANG_WARN_BOOL_CONVERSION = YES;
				CLANG_WARN_COMMA = YES;
				CLANG_WARN_CONSTANT_CONVERSION = YES;
				CLANG_WARN_DEPRECATED_OBJC_IMPLEMENTATIONS = YES;
				CLANG_WARN_DIRECT_OBJC_ISA_USAGE = YES_ERROR;
				CLANG_WARN_DOCUMENTATION_COMMENTS = YES;
				CLANG_WARN_EMPTY_BODY = YES;
				CLANG_WARN_ENUM_CONVERSION = YES;
				CLANG_WARN_INFINITE_RECURSION = YES;
				CLANG_WARN_INT_CONVERSION = YES;
				CLANG_WARN_NON_LITERAL_NULL_CONVERSION = YES;
				CLANG_WARN_OBJC_IMPLICIT_RETAIN_SELF = YES;
				CLANG_WARN_OBJC_LITERAL_CONVERSION = YES;
				CLANG_WARN_OBJC_ROOT_CLASS = YES_ERROR;
				CLANG_WARN_QUOTED_INCLUDE_IN_FRAMEWORK_HEADER = YES;
				CLANG_WARN_RANGE_LOOP_ANALYSIS = YES;
				CLANG_WARN_STRICT_PROTOTYPES = YES;
				CLANG_WARN_SUSPICIOUS_MOVE = YES;
				CLANG_WARN_UNGUARDED_AVAILABILITY = YES_AGGRESSIVE;
				CLANG_WARN_UNREACHABLE_CODE = YES;
				CLANG_WARN__DUPLICATE_METHOD_MATCH = YES;
				COPY_PHASE_STRIP = NO;
				DEBUG_INFORMATION_FORMAT = dwarf;
				ENABLE_STRICT_OBJC_MSGSEND = YES;
				ENABLE_TESTABILITY = YES;
				GCC_C_LANGUAGE_STANDARD = gnu11;
				GCC_DYNAMIC_NO_PIC = NO;
				GCC_NO_COMMON_BLOCKS = YES;
				GCC_OPTIMIZATION_LEVEL = 0;
				GCC_PREPROCESSOR_DEFINITIONS = (
					"DEBUG=1",
					"$(inherited)",
				);
				GCC_WARN_64_TO_32_BIT_CONVERSION = YES;
				GCC_WARN_ABOUT_RETURN_TYPE = YES_ERROR;
				GCC_WARN_UNDECLARED_SELECTOR = YES;
				GCC_WARN_UNINITIALIZED_AUTOS = YES_AGGRESSIVE;
				GCC_WARN_UNUSED_FUNCTION = YES;
				GCC_WARN_UNUSED_VARIABLE = YES;
				MACOSX_DEPLOYMENT_TARGET = 12.0;
				MTL_ENABLE_DEBUG_INFO = INCLUDE_SOURCE;
				MTL_FAST_MATH = YES;
				ONLY_ACTIVE_ARCH = YES;
				SDKROOT = macosx;
				SWIFT_ACTIVE_COMPILATION_CONDITIONS = DEBUG;
				SWIFT_OPTIMIZATION_LEVEL = "-Onone";
			};
			name = Debug;
		};
		943D0E20279649A50087F869 /* Release */ = {
			isa = XCBuildConfiguration;
			buildSettings = {
				ALWAYS_SEARCH_USER_PATHS = NO;
				CLANG_ANALYZER_NONNULL = YES;
				CLANG_ANALYZER_NUMBER_OBJECT_CONVERSION = YES_AGGRESSIVE;
				CLANG_CXX_LANGUAGE_STANDARD = "gnu++17";
				CLANG_CXX_LIBRARY = "libc++";
				CLANG_ENABLE_MODULES = YES;
				CLANG_ENABLE_OBJC_ARC = YES;
				CLANG_ENABLE_OBJC_WEAK = YES;
				CLANG_WARN_BLOCK_CAPTURE_AUTORELEASING = YES;
				CLANG_WARN_BOOL_CONVERSION = YES;
				CLANG_WARN_COMMA = YES;
				CLANG_WARN_CONSTANT_CONVERSION = YES;
				CLANG_WARN_DEPRECATED_OBJC_IMPLEMENTATIONS = YES;
				CLANG_WARN_DIRECT_OBJC_ISA_USAGE = YES_ERROR;
				CLANG_WARN_DOCUMENTATION_COMMENTS = YES;
				CLANG_WARN_EMPTY_BODY = YES;
				CLANG_WARN_ENUM_CONVERSION = YES;
				CLANG_WARN_INFINITE_RECURSION = YES;
				CLANG_WARN_INT_CONVERSION = YES;
				CLANG_WARN_NON_LITERAL_NULL_CONVERSION = YES;
				CLANG_WARN_OBJC_IMPLICIT_RETAIN_SELF = YES;
				CLANG_WARN_OBJC_LITERAL_CONVERSION = YES;
				CLANG_WARN_OBJC_ROOT_CLASS = YES_ERROR;
				CLANG_WARN_QUOTED_INCLUDE_IN_FRAMEWORK_HEADER = YES;
				CLANG_WARN_RANGE_LOOP_ANALYSIS = YES;
				CLANG_WARN_STRICT_PROTOTYPES = YES;
				CLANG_WARN_SUSPICIOUS_MOVE = YES;
				CLANG_WARN_UNGUARDED_AVAILABILITY = YES_AGGRESSIVE;
				CLANG_WARN_UNREACHABLE_CODE = YES;
				CLANG_WARN__DUPLICATE_METHOD_MATCH = YES;
				COPY_PHASE_STRIP = NO;
				DEBUG_INFORMATION_FORMAT = "dwarf-with-dsym";
				ENABLE_NS_ASSERTIONS = NO;
				ENABLE_STRICT_OBJC_MSGSEND = YES;
				GCC_C_LANGUAGE_STANDARD = gnu11;
				GCC_NO_COMMON_BLOCKS = YES;
				GCC_WARN_64_TO_32_BIT_CONVERSION = YES;
				GCC_WARN_ABOUT_RETURN_TYPE = YES_ERROR;
				GCC_WARN_UNDECLARED_SELECTOR = YES;
				GCC_WARN_UNINITIALIZED_AUTOS = YES_AGGRESSIVE;
				GCC_WARN_UNUSED_FUNCTION = YES;
				GCC_WARN_UNUSED_VARIABLE = YES;
				MACOSX_DEPLOYMENT_TARGET = 12.0;
				MTL_ENABLE_DEBUG_INFO = NO;
				MTL_FAST_MATH = YES;
				SDKROOT = macosx;
				SWIFT_COMPILATION_MODE = wholemodule;
				SWIFT_OPTIMIZATION_LEVEL = "-O";
			};
			name = Release;
		};
		943D0E22279649A50087F869 /* Debug */ = {
			isa = XCBuildConfiguration;
			buildSettings = {
				ASSETCATALOG_COMPILER_APPICON_NAME = AppIcon;
				ASSETCATALOG_COMPILER_GLOBAL_ACCENT_COLOR_NAME = AccentColor;
				CODE_SIGN_ENTITLEMENTS = Streamy/Streamy.entitlements;
				CODE_SIGN_IDENTITY = "Apple Development";
				CODE_SIGN_STYLE = Automatic;
				COMBINE_HIDPI_IMAGES = YES;
				CURRENT_PROJECT_VERSION = 1;
				DEVELOPMENT_ASSET_PATHS = "\"Streamy/Preview Content\"";
				DEVELOPMENT_TEAM = S2273LZ6GL;
				ENABLE_HARDENED_RUNTIME = YES;
				ENABLE_PREVIEWS = YES;
				GENERATE_INFOPLIST_FILE = YES;
				INFOPLIST_KEY_LSApplicationCategoryType = "public.app-category.developer-tools";
				INFOPLIST_KEY_NSBluetoothAlwaysUsageDescription = "Connect to nearby MetaWear sensors.";
				INFOPLIST_KEY_NSBluetoothPeripheralUsageDescription = "Connect to nearby MetaWear sensors.";
				INFOPLIST_KEY_NSHumanReadableCopyright = "";
				LD_RUNPATH_SEARCH_PATHS = (
					"$(inherited)",
					"@executable_path/../Frameworks",
				);
				MARKETING_VERSION = 1.0;
				PRODUCT_BUNDLE_IDENTIFIER = com.mbientlab.Streamy;
				PRODUCT_NAME = "$(TARGET_NAME)";
				SWIFT_EMIT_LOC_STRINGS = YES;
				SWIFT_VERSION = 5.0;
			};
			name = Debug;
		};
		943D0E23279649A50087F869 /* Release */ = {
			isa = XCBuildConfiguration;
			buildSettings = {
				ASSETCATALOG_COMPILER_APPICON_NAME = AppIcon;
				ASSETCATALOG_COMPILER_GLOBAL_ACCENT_COLOR_NAME = AccentColor;
				CODE_SIGN_ENTITLEMENTS = Streamy/Streamy.entitlements;
				CODE_SIGN_IDENTITY = "Apple Development";
				CODE_SIGN_STYLE = Automatic;
				COMBINE_HIDPI_IMAGES = YES;
				CURRENT_PROJECT_VERSION = 1;
				DEVELOPMENT_ASSET_PATHS = "\"Streamy/Preview Content\"";
				DEVELOPMENT_TEAM = S2273LZ6GL;
				ENABLE_HARDENED_RUNTIME = YES;
				ENABLE_PREVIEWS = YES;
				GENERATE_INFOPLIST_FILE = YES;
				INFOPLIST_KEY_LSApplicationCategoryType = "public.app-category.developer-tools";
				INFOPLIST_KEY_NSBluetoothAlwaysUsageDescription = "Connect to nearby MetaWear sensors.";
				INFOPLIST_KEY_NSBluetoothPeripheralUsageDescription = "Connect to nearby MetaWear sensors.";
				INFOPLIST_KEY_NSHumanReadableCopyright = "";
				LD_RUNPATH_SEARCH_PATHS = (
					"$(inherited)",
					"@executable_path/../Frameworks",
				);
				MARKETING_VERSION = 1.0;
				PRODUCT_BUNDLE_IDENTIFIER = com.mbientlab.Streamy;
				PRODUCT_NAME = "$(TARGET_NAME)";
				SWIFT_EMIT_LOC_STRINGS = YES;
				SWIFT_VERSION = 5.0;
			};
			name = Release;
		};
		94EEC17727968267009107AF /* Debug */ = {
			isa = XCBuildConfiguration;
			buildSettings = {
				ASSETCATALOG_COMPILER_APPICON_NAME = AppIcon;
				ASSETCATALOG_COMPILER_GLOBAL_ACCENT_COLOR_NAME = AccentColor;
				CODE_SIGN_ENTITLEMENTS = "Streamy iOS/Streamy iOS.entitlements";
				CODE_SIGN_STYLE = Automatic;
				CURRENT_PROJECT_VERSION = 1;
				DEVELOPMENT_ASSET_PATHS = "\"Streamy iOS/Preview Content\"";
				DEVELOPMENT_TEAM = S2273LZ6GL;
				ENABLE_PREVIEWS = YES;
				GENERATE_INFOPLIST_FILE = YES;
				INFOPLIST_FILE = "Streamy-iOS-Info.plist";
				INFOPLIST_KEY_LSApplicationCategoryType = "public.app-category.developer-tools";
				INFOPLIST_KEY_NSBluetoothAlwaysUsageDescription = "Connect to nearby MetaWear sensors.";
				INFOPLIST_KEY_NSBluetoothPeripheralUsageDescription = "Connect to nearby MetaWear sensors.";
				INFOPLIST_KEY_UIApplicationSceneManifest_Generation = YES;
				INFOPLIST_KEY_UIApplicationSupportsIndirectInputEvents = YES;
				INFOPLIST_KEY_UILaunchScreen_Generation = YES;
				INFOPLIST_KEY_UISupportedInterfaceOrientations = "UIInterfaceOrientationPortrait UIInterfaceOrientationPortraitUpsideDown UIInterfaceOrientationLandscapeLeft UIInterfaceOrientationLandscapeRight";
				INFOPLIST_KEY_UISupportedInterfaceOrientations_iPad = "UIInterfaceOrientationPortrait UIInterfaceOrientationPortraitUpsideDown UIInterfaceOrientationLandscapeLeft UIInterfaceOrientationLandscapeRight";
				INFOPLIST_KEY_UISupportedInterfaceOrientations_iPhone = "UIInterfaceOrientationPortrait UIInterfaceOrientationLandscapeLeft UIInterfaceOrientationLandscapeRight";
				IPHONEOS_DEPLOYMENT_TARGET = 15.0;
				LD_RUNPATH_SEARCH_PATHS = (
					"$(inherited)",
					"@executable_path/Frameworks",
				);
				MARKETING_VERSION = 1.0;
				PRODUCT_BUNDLE_IDENTIFIER = "com.mbientlab.Streamy-iOS";
				PRODUCT_NAME = "$(TARGET_NAME)";
				SDKROOT = iphoneos;
				SUPPORTS_MACCATALYST = YES;
				SWIFT_EMIT_LOC_STRINGS = YES;
				SWIFT_VERSION = 5.0;
				TARGETED_DEVICE_FAMILY = "1,2";
			};
			name = Debug;
		};
		94EEC17827968267009107AF /* Release */ = {
			isa = XCBuildConfiguration;
			buildSettings = {
				ASSETCATALOG_COMPILER_APPICON_NAME = AppIcon;
				ASSETCATALOG_COMPILER_GLOBAL_ACCENT_COLOR_NAME = AccentColor;
				CODE_SIGN_ENTITLEMENTS = "Streamy iOS/Streamy iOSRelease.entitlements";
				CODE_SIGN_IDENTITY = "Apple Development";
				"CODE_SIGN_IDENTITY[sdk=macosx*]" = "Apple Development";
				CODE_SIGN_STYLE = Automatic;
				CURRENT_PROJECT_VERSION = 1;
				DEVELOPMENT_ASSET_PATHS = "\"Streamy iOS/Preview Content\"";
				DEVELOPMENT_TEAM = S2273LZ6GL;
				ENABLE_PREVIEWS = YES;
				GENERATE_INFOPLIST_FILE = YES;
				INFOPLIST_FILE = "Streamy-iOS-Info.plist";
				INFOPLIST_KEY_LSApplicationCategoryType = "public.app-category.developer-tools";
				INFOPLIST_KEY_NSBluetoothAlwaysUsageDescription = "Connect to nearby MetaWear sensors.";
				INFOPLIST_KEY_NSBluetoothPeripheralUsageDescription = "Connect to nearby MetaWear sensors.";
				INFOPLIST_KEY_UIApplicationSceneManifest_Generation = YES;
				INFOPLIST_KEY_UIApplicationSupportsIndirectInputEvents = YES;
				INFOPLIST_KEY_UILaunchScreen_Generation = YES;
				INFOPLIST_KEY_UISupportedInterfaceOrientations = "UIInterfaceOrientationPortrait UIInterfaceOrientationPortraitUpsideDown UIInterfaceOrientationLandscapeLeft UIInterfaceOrientationLandscapeRight";
				INFOPLIST_KEY_UISupportedInterfaceOrientations_iPad = "UIInterfaceOrientationPortrait UIInterfaceOrientationPortraitUpsideDown UIInterfaceOrientationLandscapeLeft UIInterfaceOrientationLandscapeRight";
				INFOPLIST_KEY_UISupportedInterfaceOrientations_iPhone = "UIInterfaceOrientationPortrait UIInterfaceOrientationLandscapeLeft UIInterfaceOrientationLandscapeRight";
				IPHONEOS_DEPLOYMENT_TARGET = 15.0;
				LD_RUNPATH_SEARCH_PATHS = (
					"$(inherited)",
					"@executable_path/Frameworks",
				);
				MARKETING_VERSION = 1.0;
				PRODUCT_BUNDLE_IDENTIFIER = "com.mbientlab.Streamy-iOS";
				PRODUCT_NAME = "$(TARGET_NAME)";
				PROVISIONING_PROFILE_SPECIFIER = "";
				"PROVISIONING_PROFILE_SPECIFIER[sdk=macosx*]" = "";
				SDKROOT = iphoneos;
				SUPPORTS_MACCATALYST = YES;
				SWIFT_EMIT_LOC_STRINGS = YES;
				SWIFT_VERSION = 5.0;
				TARGETED_DEVICE_FAMILY = "1,2";
				VALIDATE_PRODUCT = YES;
			};
			name = Release;
		};
/* End XCBuildConfiguration section */

/* Begin XCConfigurationList section */
		943D0E0D279649A40087F869 /* Build configuration list for PBXProject "Streamy" */ = {
			isa = XCConfigurationList;
			buildConfigurations = (
				943D0E1F279649A50087F869 /* Debug */,
				943D0E20279649A50087F869 /* Release */,
			);
			defaultConfigurationIsVisible = 0;
			defaultConfigurationName = Release;
		};
		943D0E21279649A50087F869 /* Build configuration list for PBXNativeTarget "Streamy" */ = {
			isa = XCConfigurationList;
			buildConfigurations = (
				943D0E22279649A50087F869 /* Debug */,
				943D0E23279649A50087F869 /* Release */,
			);
			defaultConfigurationIsVisible = 0;
			defaultConfigurationName = Release;
		};
		94EEC17927968267009107AF /* Build configuration list for PBXNativeTarget "Streamy iOS" */ = {
			isa = XCConfigurationList;
			buildConfigurations = (
				94EEC17727968267009107AF /* Debug */,
				94EEC17827968267009107AF /* Release */,
			);
			defaultConfigurationIsVisible = 0;
			defaultConfigurationName = Release;
		};
/* End XCConfigurationList section */

/* Begin XCRemoteSwiftPackageReference section */
		94E8453B279745A800E35846 /* XCRemoteSwiftPackageReference "MetaWear-SDK-Swift-Combine" */ = {
			isa = XCRemoteSwiftPackageReference;
			repositoryURL = "https://github.com/mbientlab/MetaWear-SDK-Swift-Combine";
			requirement = {
				kind = upToNextMajorVersion;
				minimumVersion = 0.4.0;
			};
		};
/* End XCRemoteSwiftPackageReference section */

/* Begin XCSwiftPackageProductDependency section */
		940C1C46279821BD00F7F149 /* MetaWear */ = {
			isa = XCSwiftPackageProductDependency;
			package = 94E8453B279745A800E35846 /* XCRemoteSwiftPackageReference "MetaWear-SDK-Swift-Combine" */;
			productName = MetaWear;
		};
		940C1C48279821BD00F7F149 /* MetaWearCpp */ = {
			isa = XCSwiftPackageProductDependency;
			package = 94E8453B279745A800E35846 /* XCRemoteSwiftPackageReference "MetaWear-SDK-Swift-Combine" */;
			productName = MetaWearCpp;
		};
		940C1C4A279821BD00F7F149 /* MetaWearSync */ = {
			isa = XCSwiftPackageProductDependency;
			package = 94E8453B279745A800E35846 /* XCRemoteSwiftPackageReference "MetaWear-SDK-Swift-Combine" */;
			productName = MetaWearSync;
		};
		94E8453C279745A800E35846 /* MetaWear */ = {
			isa = XCSwiftPackageProductDependency;
			package = 94E8453B279745A800E35846 /* XCRemoteSwiftPackageReference "MetaWear-SDK-Swift-Combine" */;
			productName = MetaWear;
		};
		94E8453E279745A800E35846 /* MetaWearCpp */ = {
			isa = XCSwiftPackageProductDependency;
			package = 94E8453B279745A800E35846 /* XCRemoteSwiftPackageReference "MetaWear-SDK-Swift-Combine" */;
			productName = MetaWearCpp;
		};
		94E84540279745A800E35846 /* MetaWearSync */ = {
			isa = XCSwiftPackageProductDependency;
			package = 94E8453B279745A800E35846 /* XCRemoteSwiftPackageReference "MetaWear-SDK-Swift-Combine" */;
			productName = MetaWearSync;
		};
/* End XCSwiftPackageProductDependency section */
	};
	rootObject = 943D0E0A279649A40087F869 /* Project object */;
}
